
Microsoft Visual Studio Solution File, Format Version 12.00
# Visual Studio 2013
VisualStudioVersion = 12.0.31101.0
MinimumVisualStudioVersion = 10.0.40219.1
Project("{FAE04EC0-301F-11D3-BF4B-00C04F79EFBC}") = "goswamibhatttailang", "goswamibhatttailang\goswamibhatttailang.csproj", "{3F7495C1-20D8-4739-AA14-E7F5C17F7748}"
EndProject
Project("{FAE04EC0-301F-11D3-BF4B-00C04F79EFBC}") = "Gbts.DataAccess", "Gbts.DataAccess\Gbts.DataAccess.csproj", "{40C882D5-03D9-42A9-912E-69FA13A4575E}"
EndProject
Project("{FAE04EC0-301F-11D3-BF4B-00C04F79EFBC}") = "Gbts.DomainClasses", "Gbts.DomainClasses\Gbts.DomainClasses.csproj", "{EA5A3614-6D98-4EE3-A901-DA954165B7AB}"
EndProject
Global
	GlobalSection(SolutionConfigurationPlatforms) = preSolution
		Debug|Any CPU = Debug|Any CPU
		Release|Any CPU = Release|Any CPU
	EndGlobalSection
	GlobalSection(ProjectConfigurationPlatforms) = postSolution
		{3F7495C1-20D8-4739-AA14-E7F5C17F7748}.Debug|Any CPU.ActiveCfg = Debug|Any CPU
		{3F7495C1-20D8-4739-AA14-E7F5C17F7748}.Debug|Any CPU.Build.0 = Debug|Any CPU
		{3F7495C1-20D8-4739-AA14-E7F5C17F7748}.Release|Any CPU.ActiveCfg = Release|Any CPU
		{3F7495C1-20D8-4739-AA14-E7F5C17F7748}.Release|Any CPU.Build.0 = Release|Any CPU
		{40C882D5-03D9-42A9-912E-69FA13A4575E}.Debug|Any CPU.ActiveCfg = Debug|Any CPU
		{40C882D5-03D9-42A9-912E-69FA13A4575E}.Debug|Any CPU.Build.0 = Debug|Any CPU
		{40C882D5-03D9-42A9-912E-69FA13A4575E}.Release|Any CPU.ActiveCfg = Release|Any CPU
		{40C882D5-03D9-42A9-912E-69FA13A4575E}.Release|Any CPU.Build.0 = Release|Any CPU
		{EA5A3614-6D98-4EE3-A901-DA954165B7AB}.Debug|Any CPU.ActiveCfg = Debug|Any CPU
		{EA5A3614-6D98-4EE3-A901-DA954165B7AB}.Debug|Any CPU.Build.0 = Debug|Any CPU
		{EA5A3614-6D98-4EE3-A901-DA954165B7AB}.Release|Any CPU.ActiveCfg = Release|Any CPU
		{EA5A3614-6D98-4EE3-A901-DA954165B7AB}.Release|Any CPU.Build.0 = Release|Any CPU
	EndGlobalSection
	GlobalSection(SolutionProperties) = preSolution
		HideSolutionNode = FALSE
	EndGlobalSection
EndGlobal
